
Microsoft Visual Studio Solution File, Format Version 12.00
# Visual Studio Version 17
VisualStudioVersion = 17.4.33205.214
MinimumVisualStudioVersion = 10.0.40219.1
Project("{FAE04EC0-301F-11D3-BF4B-00C04F79EFBC}") = "What is programing", "What is programing.csproj", "{9F823DFB-70A2-46F8-92A3-4704847ACD7E}"
EndProject
Global
	GlobalSection(SolutionConfigurationPlatforms) = preSolution
		Debug|Any CPU = Debug|Any CPU
		Release|Any CPU = Release|Any CPU
	EndGlobalSection
	GlobalSection(ProjectConfigurationPlatforms) = postSolution
		{9F823DFB-70A2-46F8-92A3-4704847ACD7E}.Debug|Any CPU.ActiveCfg = Debug|Any CPU
		{9F823DFB-70A2-46F8-92A3-4704847ACD7E}.Debug|Any CPU.Build.0 = Debug|Any CPU
		{9F823DFB-70A2-46F8-92A3-4704847ACD7E}.Release|Any CPU.ActiveCfg = Release|Any CPU
		{9F823DFB-70A2-46F8-92A3-4704847ACD7E}.Release|Any CPU.Build.0 = Release|Any CPU
	EndGlobalSection
	GlobalSection(SolutionProperties) = preSolution
		HideSolutionNode = FALSE
	EndGlobalSection
	GlobalSection(ExtensibilityGlobals) = postSolution
		SolutionGuid = {35A26AC3-2785-4B33-9A20-D99C8D3712CD}
	EndGlobalSection
EndGlobal
