
Microsoft Visual Studio Solution File, Format Version 12.00
# Visual Studio Version 17
VisualStudioVersion = 17.4.33205.214
MinimumVisualStudioVersion = 10.0.40219.1
Project("{FAE04EC0-301F-11D3-BF4B-00C04F79EFBC}") = "WhatIsClass", "WhatIsClass.csproj", "{C21DCAF3-9623-4289-908E-C162FCB82A38}"
EndProject
Global
	GlobalSection(SolutionConfigurationPlatforms) = preSolution
		Debug|Any CPU = Debug|Any CPU
		Release|Any CPU = Release|Any CPU
	EndGlobalSection
	GlobalSection(ProjectConfigurationPlatforms) = postSolution
		{C21DCAF3-9623-4289-908E-C162FCB82A38}.Debug|Any CPU.ActiveCfg = Debug|Any CPU
		{C21DCAF3-9623-4289-908E-C162FCB82A38}.Debug|Any CPU.Build.0 = Debug|Any CPU
		{C21DCAF3-9623-4289-908E-C162FCB82A38}.Release|Any CPU.ActiveCfg = Release|Any CPU
		{C21DCAF3-9623-4289-908E-C162FCB82A38}.Release|Any CPU.Build.0 = Release|Any CPU
	EndGlobalSection
	GlobalSection(SolutionProperties) = preSolution
		HideSolutionNode = FALSE
	EndGlobalSection
	GlobalSection(ExtensibilityGlobals) = postSolution
		SolutionGuid = {3E5214A3-ACE8-4661-8F0C-721AB0058181}
	EndGlobalSection
EndGlobal
