
Microsoft Visual Studio Solution File, Format Version 12.00
# Visual Studio Version 17
VisualStudioVersion = 17.4.33205.214
MinimumVisualStudioVersion = 10.0.40219.1
Project("{FAE04EC0-301F-11D3-BF4B-00C04F79EFBC}") = "WhatIsFunctiong", "WhatIsFunctiong.csproj", "{258CFABD-6662-41D0-B6F0-221B427453BC}"
EndProject
Global
	GlobalSection(SolutionConfigurationPlatforms) = preSolution
		Debug|Any CPU = Debug|Any CPU
		Release|Any CPU = Release|Any CPU
	EndGlobalSection
	GlobalSection(ProjectConfigurationPlatforms) = postSolution
		{258CFABD-6662-41D0-B6F0-221B427453BC}.Debug|Any CPU.ActiveCfg = Debug|Any CPU
		{258CFABD-6662-41D0-B6F0-221B427453BC}.Debug|Any CPU.Build.0 = Debug|Any CPU
		{258CFABD-6662-41D0-B6F0-221B427453BC}.Release|Any CPU.ActiveCfg = Release|Any CPU
		{258CFABD-6662-41D0-B6F0-221B427453BC}.Release|Any CPU.Build.0 = Release|Any CPU
	EndGlobalSection
	GlobalSection(SolutionProperties) = preSolution
		HideSolutionNode = FALSE
	EndGlobalSection
	GlobalSection(ExtensibilityGlobals) = postSolution
		SolutionGuid = {90AEAE15-9E01-4B0B-A472-3970BB3E4445}
	EndGlobalSection
EndGlobal
