
Microsoft Visual Studio Solution File, Format Version 12.00
# Visual Studio Version 17
VisualStudioVersion = 17.4.33205.214
MinimumVisualStudioVersion = 10.0.40219.1
Project("{FAE04EC0-301F-11D3-BF4B-00C04F79EFBC}") = "prac0103", "prac0103.csproj", "{80D46EC6-96AA-4009-A59F-93FD52CB9866}"
EndProject
Global
	GlobalSection(SolutionConfigurationPlatforms) = preSolution
		Debug|Any CPU = Debug|Any CPU
		Release|Any CPU = Release|Any CPU
	EndGlobalSection
	GlobalSection(ProjectConfigurationPlatforms) = postSolution
		{80D46EC6-96AA-4009-A59F-93FD52CB9866}.Debug|Any CPU.ActiveCfg = Debug|Any CPU
		{80D46EC6-96AA-4009-A59F-93FD52CB9866}.Debug|Any CPU.Build.0 = Debug|Any CPU
		{80D46EC6-96AA-4009-A59F-93FD52CB9866}.Release|Any CPU.ActiveCfg = Release|Any CPU
		{80D46EC6-96AA-4009-A59F-93FD52CB9866}.Release|Any CPU.Build.0 = Release|Any CPU
	EndGlobalSection
	GlobalSection(SolutionProperties) = preSolution
		HideSolutionNode = FALSE
	EndGlobalSection
	GlobalSection(ExtensibilityGlobals) = postSolution
		SolutionGuid = {BC350784-B4C8-47E7-85F6-14CB8768FF1D}
	EndGlobalSection
EndGlobal
