
Microsoft Visual Studio Solution File, Format Version 12.00
# Visual Studio Version 17
VisualStudioVersion = 17.4.33205.214
MinimumVisualStudioVersion = 10.0.40219.1
Project("{FAE04EC0-301F-11D3-BF4B-00C04F79EFBC}") = "Practice0104", "Practice0104.csproj", "{2368026B-6032-485B-992A-E53EF43EA58F}"
EndProject
Global
	GlobalSection(SolutionConfigurationPlatforms) = preSolution
		Debug|Any CPU = Debug|Any CPU
		Release|Any CPU = Release|Any CPU
	EndGlobalSection
	GlobalSection(ProjectConfigurationPlatforms) = postSolution
		{2368026B-6032-485B-992A-E53EF43EA58F}.Debug|Any CPU.ActiveCfg = Debug|Any CPU
		{2368026B-6032-485B-992A-E53EF43EA58F}.Debug|Any CPU.Build.0 = Debug|Any CPU
		{2368026B-6032-485B-992A-E53EF43EA58F}.Release|Any CPU.ActiveCfg = Release|Any CPU
		{2368026B-6032-485B-992A-E53EF43EA58F}.Release|Any CPU.Build.0 = Release|Any CPU
	EndGlobalSection
	GlobalSection(SolutionProperties) = preSolution
		HideSolutionNode = FALSE
	EndGlobalSection
	GlobalSection(ExtensibilityGlobals) = postSolution
		SolutionGuid = {5E7C820D-EDB1-4DE4-A711-E08544B8C4BC}
	EndGlobalSection
EndGlobal
