
Microsoft Visual Studio Solution File, Format Version 12.00
# Visual Studio Version 17
VisualStudioVersion = 17.4.33205.214
MinimumVisualStudioVersion = 10.0.40219.1
Project("{FAE04EC0-301F-11D3-BF4B-00C04F79EFBC}") = "Exercise0102", "Exercise0102.csproj", "{E6624E40-3489-4A5F-AFC8-329DC71BD39E}"
EndProject
Global
	GlobalSection(SolutionConfigurationPlatforms) = preSolution
		Debug|Any CPU = Debug|Any CPU
		Release|Any CPU = Release|Any CPU
	EndGlobalSection
	GlobalSection(ProjectConfigurationPlatforms) = postSolution
		{E6624E40-3489-4A5F-AFC8-329DC71BD39E}.Debug|Any CPU.ActiveCfg = Debug|Any CPU
		{E6624E40-3489-4A5F-AFC8-329DC71BD39E}.Debug|Any CPU.Build.0 = Debug|Any CPU
		{E6624E40-3489-4A5F-AFC8-329DC71BD39E}.Release|Any CPU.ActiveCfg = Release|Any CPU
		{E6624E40-3489-4A5F-AFC8-329DC71BD39E}.Release|Any CPU.Build.0 = Release|Any CPU
	EndGlobalSection
	GlobalSection(SolutionProperties) = preSolution
		HideSolutionNode = FALSE
	EndGlobalSection
	GlobalSection(ExtensibilityGlobals) = postSolution
		SolutionGuid = {49BCD66D-DF33-40EC-BA16-81100295FD5D}
	EndGlobalSection
EndGlobal
