
Microsoft Visual Studio Solution File, Format Version 12.00
# Visual Studio Version 17
VisualStudioVersion = 17.4.33205.214
MinimumVisualStudioVersion = 10.0.40219.1
Project("{FAE04EC0-301F-11D3-BF4B-00C04F79EFBC}") = "Prac_0104_2", "Prac_0104_2.csproj", "{7FE0722C-BD68-413C-8492-8362FBAC1C8F}"
EndProject
Global
	GlobalSection(SolutionConfigurationPlatforms) = preSolution
		Debug|Any CPU = Debug|Any CPU
		Release|Any CPU = Release|Any CPU
	EndGlobalSection
	GlobalSection(ProjectConfigurationPlatforms) = postSolution
		{7FE0722C-BD68-413C-8492-8362FBAC1C8F}.Debug|Any CPU.ActiveCfg = Debug|Any CPU
		{7FE0722C-BD68-413C-8492-8362FBAC1C8F}.Debug|Any CPU.Build.0 = Debug|Any CPU
		{7FE0722C-BD68-413C-8492-8362FBAC1C8F}.Release|Any CPU.ActiveCfg = Release|Any CPU
		{7FE0722C-BD68-413C-8492-8362FBAC1C8F}.Release|Any CPU.Build.0 = Release|Any CPU
	EndGlobalSection
	GlobalSection(SolutionProperties) = preSolution
		HideSolutionNode = FALSE
	EndGlobalSection
	GlobalSection(ExtensibilityGlobals) = postSolution
		SolutionGuid = {6768B3E2-F7F5-4799-982C-CEF86CDB4D80}
	EndGlobalSection
EndGlobal
